// !$*UTF8*$!
{
	archiveVersion = 1;
	classes = {
	};
	objectVersion = 56;
	objects = {

/* Begin PBXBuildFile section */
		8C34681A2ACF0BB000E0C7B3 /* FairShareApp.swift in Sources */ = {isa = PBXBuildFile; fileRef = 8C3468192ACF0BB000E0C7B3 /* FairShareApp.swift */; };
		8C34681C2ACF0BB000E0C7B3 /* ContentView.swift in Sources */ = {isa = PBXBuildFile; fileRef = 8C34681B2ACF0BB000E0C7B3 /* ContentView.swift */; };
		8C34681E2ACF0BB100E0C7B3 /* Assets.xcassets in Resources */ = {isa = PBXBuildFile; fileRef = 8C34681D2ACF0BB100E0C7B3 /* Assets.xcassets */; };
		8C3468212ACF0BB100E0C7B3 /* Preview Assets.xcassets in Resources */ = {isa = PBXBuildFile; fileRef = 8C3468202ACF0BB100E0C7B3 /* Preview Assets.xcassets */; };
		8C3468282ACF0C1800E0C7B3 /* LoginView.swift in Sources */ = {isa = PBXBuildFile; fileRef = 8C3468272ACF0C1800E0C7B3 /* LoginView.swift */; };
		8C34682B2ACF45F800E0C7B3 /* FirebaseAuth in Frameworks */ = {isa = PBXBuildFile; productRef = 8C34682A2ACF45F800E0C7B3 /* FirebaseAuth */; };
		8C34682D2ACF45F800E0C7B3 /* FirebaseFirestoreSwift in Frameworks */ = {isa = PBXBuildFile; productRef = 8C34682C2ACF45F800E0C7B3 /* FirebaseFirestoreSwift */; };
		8C34682F2ACF45F800E0C7B3 /* FirebaseMessaging in Frameworks */ = {isa = PBXBuildFile; productRef = 8C34682E2ACF45F800E0C7B3 /* FirebaseMessaging */; };
		8C3468312ACF45F800E0C7B3 /* FirebaseStorage in Frameworks */ = {isa = PBXBuildFile; productRef = 8C3468302ACF45F800E0C7B3 /* FirebaseStorage */; };
		8C3468572AD5A2CD00E0C7B3 /* MainTabView.swift in Sources */ = {isa = PBXBuildFile; fileRef = 8C3468562AD5A2CD00E0C7B3 /* MainTabView.swift */; };
		8C3468612AD5FB3D00E0C7B3 /* SettingsPageView.swift in Sources */ = {isa = PBXBuildFile; fileRef = 8C3468602AD5FB3D00E0C7B3 /* SettingsPageView.swift */; };
		8C3468632AD62F9D00E0C7B3 /* DashboardPageView.swift in Sources */ = {isa = PBXBuildFile; fileRef = 8C3468622AD62F9D00E0C7B3 /* DashboardPageView.swift */; };
		8C3468662AD6351A00E0C7B3 /* ListsPageView.swift in Sources */ = {isa = PBXBuildFile; fileRef = 8C3468652AD6351A00E0C7B3 /* ListsPageView.swift */; };
		ECA903B82AD6406B0055A608 /* PaymentPages in Resources */ = {isa = PBXBuildFile; fileRef = ECA903B62AD6406A0055A608 /* PaymentPages */; };
		ECA903B92AD6406B0055A608 /* ExpensePages in Resources */ = {isa = PBXBuildFile; fileRef = ECA903B72AD6406A0055A608 /* ExpensePages */; };
		ECA903BC2AD64F1E0055A608 /* PaymentCreationView.swift in Sources */ = {isa = PBXBuildFile; fileRef = ECA903BB2AD64F1E0055A608 /* PaymentCreationView.swift */; };
		ECA903BE2AD64F300055A608 /* ExpenseCreationView.swift in Sources */ = {isa = PBXBuildFile; fileRef = ECA903BD2AD64F300055A608 /* ExpenseCreationView.swift */; };
/* End PBXBuildFile section */

/* Begin PBXFileReference section */
		8C3468162ACF0BB000E0C7B3 /* FairShare.app */ = {isa = PBXFileReference; explicitFileType = wrapper.application; includeInIndex = 0; path = FairShare.app; sourceTree = BUILT_PRODUCTS_DIR; };
		8C3468192ACF0BB000E0C7B3 /* FairShareApp.swift */ = {isa = PBXFileReference; lastKnownFileType = sourcecode.swift; path = FairShareApp.swift; sourceTree = "<group>"; };
		8C34681B2ACF0BB000E0C7B3 /* ContentView.swift */ = {isa = PBXFileReference; lastKnownFileType = sourcecode.swift; path = ContentView.swift; sourceTree = "<group>"; };
		8C34681D2ACF0BB100E0C7B3 /* Assets.xcassets */ = {isa = PBXFileReference; lastKnownFileType = folder.assetcatalog; path = Assets.xcassets; sourceTree = "<group>"; };
		8C3468202ACF0BB100E0C7B3 /* Preview Assets.xcassets */ = {isa = PBXFileReference; lastKnownFileType = folder.assetcatalog; path = "Preview Assets.xcassets"; sourceTree = "<group>"; };
		8C3468272ACF0C1800E0C7B3 /* LoginView.swift */ = {isa = PBXFileReference; lastKnownFileType = sourcecode.swift; path = LoginView.swift; sourceTree = "<group>"; };
		8C3468562AD5A2CD00E0C7B3 /* MainTabView.swift */ = {isa = PBXFileReference; lastKnownFileType = sourcecode.swift; path = MainTabView.swift; sourceTree = "<group>"; };
		8C3468602AD5FB3D00E0C7B3 /* SettingsPageView.swift */ = {isa = PBXFileReference; lastKnownFileType = sourcecode.swift; path = SettingsPageView.swift; sourceTree = "<group>"; };
		8C3468622AD62F9D00E0C7B3 /* DashboardPageView.swift */ = {isa = PBXFileReference; lastKnownFileType = sourcecode.swift; path = DashboardPageView.swift; sourceTree = "<group>"; };
		8C3468652AD6351A00E0C7B3 /* ListsPageView.swift */ = {isa = PBXFileReference; lastKnownFileType = sourcecode.swift; path = ListsPageView.swift; sourceTree = "<group>"; };
		ECA903B62AD6406A0055A608 /* PaymentPages */ = {isa = PBXFileReference; lastKnownFileType = folder; path = PaymentPages; sourceTree = "<group>"; };
		ECA903B72AD6406A0055A608 /* ExpensePages */ = {isa = PBXFileReference; lastKnownFileType = folder; path = ExpensePages; sourceTree = "<group>"; };
		ECA903BB2AD64F1E0055A608 /* PaymentCreationView.swift */ = {isa = PBXFileReference; lastKnownFileType = sourcecode.swift; name = PaymentCreationView.swift; path = FairShare/PaymentPages/PaymentCreationView.swift; sourceTree = "<group>"; };
		ECA903BD2AD64F300055A608 /* ExpenseCreationView.swift */ = {isa = PBXFileReference; lastKnownFileType = sourcecode.swift; name = ExpenseCreationView.swift; path = FairShare/ExpensePages/ExpenseCreationView.swift; sourceTree = "<group>"; };
/* End PBXFileReference section */

/* Begin PBXFrameworksBuildPhase section */
		8C3468132ACF0BB000E0C7B3 /* Frameworks */ = {
			isa = PBXFrameworksBuildPhase;
			buildActionMask = 2147483647;
			files = (
				8C34682F2ACF45F800E0C7B3 /* FirebaseMessaging in Frameworks */,
				8C3468312ACF45F800E0C7B3 /* FirebaseStorage in Frameworks */,
				8C34682B2ACF45F800E0C7B3 /* FirebaseAuth in Frameworks */,
				8C34682D2ACF45F800E0C7B3 /* FirebaseFirestoreSwift in Frameworks */,
			);
			runOnlyForDeploymentPostprocessing = 0;
		};
/* End PBXFrameworksBuildPhase section */

/* Begin PBXGroup section */
		8C34680D2ACF0BB000E0C7B3 = {
			isa = PBXGroup;
			children = (
				ECA903BD2AD64F300055A608 /* ExpenseCreationView.swift */,
				ECA903BB2AD64F1E0055A608 /* PaymentCreationView.swift */,
				8C3468182ACF0BB000E0C7B3 /* FairShare */,
				8C3468172ACF0BB000E0C7B3 /* Products */,
			);
			sourceTree = "<group>";
		};
		8C3468172ACF0BB000E0C7B3 /* Products */ = {
			isa = PBXGroup;
			children = (
				8C3468162ACF0BB000E0C7B3 /* FairShare.app */,
			);
			name = Products;
			sourceTree = "<group>";
		};
		8C3468182ACF0BB000E0C7B3 /* FairShare */ = {
			isa = PBXGroup;
			children = (
				ECA903B62AD6406A0055A608 /* PaymentPages */,
				ECA903B72AD6406A0055A608 /* ExpensePages */,
				8C3468642AD6350800E0C7B3 /* ListsPage */,
				8C34685F2AD5FB1800E0C7B3 /* SettingsPage */,
				8C34685C2AD5A60C00E0C7B3 /* Common */,
				8C3468192ACF0BB000E0C7B3 /* FairShareApp.swift */,
				8C34681B2ACF0BB000E0C7B3 /* ContentView.swift */,
				8C3468562AD5A2CD00E0C7B3 /* MainTabView.swift */,
				8C3468582AD5A57F00E0C7B3 /* DashboardPage */,
				8C34681D2ACF0BB100E0C7B3 /* Assets.xcassets */,
				8C34681F2ACF0BB100E0C7B3 /* Preview Content */,
				8C3468272ACF0C1800E0C7B3 /* LoginView.swift */,
			);
			path = FairShare;
			sourceTree = "<group>";
		};
		8C34681F2ACF0BB100E0C7B3 /* Preview Content */ = {
			isa = PBXGroup;
			children = (
				8C3468202ACF0BB100E0C7B3 /* Preview Assets.xcassets */,
			);
			path = "Preview Content";
			sourceTree = "<group>";
		};
		8C3468582AD5A57F00E0C7B3 /* DashboardPage */ = {
			isa = PBXGroup;
			children = (
				8C3468622AD62F9D00E0C7B3 /* DashboardPageView.swift */,
			);
			path = DashboardPage;
			sourceTree = "<group>";
		};
		8C34685C2AD5A60C00E0C7B3 /* Common */ = {
			isa = PBXGroup;
			children = (
			);
			path = Common;
			sourceTree = "<group>";
		};
		8C34685F2AD5FB1800E0C7B3 /* SettingsPage */ = {
			isa = PBXGroup;
			children = (
				8C3468602AD5FB3D00E0C7B3 /* SettingsPageView.swift */,
			);
			path = SettingsPage;
			sourceTree = "<group>";
		};
		8C3468642AD6350800E0C7B3 /* ListsPage */ = {
			isa = PBXGroup;
			children = (
				8C3468652AD6351A00E0C7B3 /* ListsPageView.swift */,
			);
			path = ListsPage;
			sourceTree = "<group>";
		};
/* End PBXGroup section */

/* Begin PBXNativeTarget section */
		8C3468152ACF0BB000E0C7B3 /* FairShare */ = {
			isa = PBXNativeTarget;
			buildConfigurationList = 8C3468242ACF0BB100E0C7B3 /* Build configuration list for PBXNativeTarget "FairShare" */;
			buildPhases = (
				8C3468122ACF0BB000E0C7B3 /* Sources */,
				8C3468132ACF0BB000E0C7B3 /* Frameworks */,
				8C3468142ACF0BB000E0C7B3 /* Resources */,
			);
			buildRules = (
			);
			dependencies = (
			);
			name = FairShare;
			packageProductDependencies = (
				8C34682A2ACF45F800E0C7B3 /* FirebaseAuth */,
				8C34682C2ACF45F800E0C7B3 /* FirebaseFirestoreSwift */,
				8C34682E2ACF45F800E0C7B3 /* FirebaseMessaging */,
				8C3468302ACF45F800E0C7B3 /* FirebaseStorage */,
			);
			productName = FairShare;
			productReference = 8C3468162ACF0BB000E0C7B3 /* FairShare.app */;
			productType = "com.apple.product-type.application";
		};
/* End PBXNativeTarget section */

/* Begin PBXProject section */
		8C34680E2ACF0BB000E0C7B3 /* Project object */ = {
			isa = PBXProject;
			attributes = {
				BuildIndependentTargetsInParallel = 1;
				LastSwiftUpdateCheck = 1430;
				LastUpgradeCheck = 1430;
				TargetAttributes = {
					8C3468152ACF0BB000E0C7B3 = {
						CreatedOnToolsVersion = 14.3.1;
					};
				};
			};
			buildConfigurationList = 8C3468112ACF0BB000E0C7B3 /* Build configuration list for PBXProject "FairShare" */;
			compatibilityVersion = "Xcode 14.0";
			developmentRegion = en;
			hasScannedForEncodings = 0;
			knownRegions = (
				en,
				Base,
			);
			mainGroup = 8C34680D2ACF0BB000E0C7B3;
			packageReferences = (
				8C3468292ACF45F800E0C7B3 /* XCRemoteSwiftPackageReference "firebase-ios-sdk" */,
			);
			productRefGroup = 8C3468172ACF0BB000E0C7B3 /* Products */;
			projectDirPath = "";
			projectRoot = "";
			targets = (
				8C3468152ACF0BB000E0C7B3 /* FairShare */,
			);
		};
/* End PBXProject section */

/* Begin PBXResourcesBuildPhase section */
		8C3468142ACF0BB000E0C7B3 /* Resources */ = {
			isa = PBXResourcesBuildPhase;
			buildActionMask = 2147483647;
			files = (
				ECA903B92AD6406B0055A608 /* ExpensePages in Resources */,
				8C3468212ACF0BB100E0C7B3 /* Preview Assets.xcassets in Resources */,
				ECA903B82AD6406B0055A608 /* PaymentPages in Resources */,
				8C34681E2ACF0BB100E0C7B3 /* Assets.xcassets in Resources */,
			);
			runOnlyForDeploymentPostprocessing = 0;
		};
/* End PBXResourcesBuildPhase section */

/* Begin PBXSourcesBuildPhase section */
		8C3468122ACF0BB000E0C7B3 /* Sources */ = {
			isa = PBXSourcesBuildPhase;
			buildActionMask = 2147483647;
			files = (
				ECA903BE2AD64F300055A608 /* ExpenseCreationView.swift in Sources */,
				ECA903BC2AD64F1E0055A608 /* PaymentCreationView.swift in Sources */,
				8C3468632AD62F9D00E0C7B3 /* DashboardPageView.swift in Sources */,
				8C3468282ACF0C1800E0C7B3 /* LoginView.swift in Sources */,
				8C34681C2ACF0BB000E0C7B3 /* ContentView.swift in Sources */,
				8C3468612AD5FB3D00E0C7B3 /* SettingsPageView.swift in Sources */,
				8C34681A2ACF0BB000E0C7B3 /* FairShareApp.swift in Sources */,
				8C3468662AD6351A00E0C7B3 /* ListsPageView.swift in Sources */,
				8C3468572AD5A2CD00E0C7B3 /* MainTabView.swift in Sources */,
			);
			runOnlyForDeploymentPostprocessing = 0;
		};
/* End PBXSourcesBuildPhase section */

/* Begin XCBuildConfiguration section */
		8C3468222ACF0BB100E0C7B3 /* Debug */ = {
			isa = XCBuildConfiguration;
			buildSettings = {
				ALWAYS_SEARCH_USER_PATHS = NO;
				CLANG_ANALYZER_NONNULL = YES;
				CLANG_ANALYZER_NUMBER_OBJECT_CONVERSION = YES_AGGRESSIVE;
				CLANG_CXX_LANGUAGE_STANDARD = "gnu++20";
				CLANG_ENABLE_MODULES = YES;
				CLANG_ENABLE_OBJC_ARC = YES;
				CLANG_ENABLE_OBJC_WEAK = YES;
				CLANG_WARN_BLOCK_CAPTURE_AUTORELEASING = YES;
				CLANG_WARN_BOOL_CONVERSION = YES;
				CLANG_WARN_COMMA = YES;
				CLANG_WARN_CONSTANT_CONVERSION = YES;
				CLANG_WARN_DEPRECATED_OBJC_IMPLEMENTATIONS = YES;
				CLANG_WARN_DIRECT_OBJC_ISA_USAGE = YES_ERROR;
				CLANG_WARN_DOCUMENTATION_COMMENTS = YES;
				CLANG_WARN_EMPTY_BODY = YES;
				CLANG_WARN_ENUM_CONVERSION = YES;
				CLANG_WARN_INFINITE_RECURSION = YES;
				CLANG_WARN_INT_CONVERSION = YES;
				CLANG_WARN_NON_LITERAL_NULL_CONVERSION = YES;
				CLANG_WARN_OBJC_IMPLICIT_RETAIN_SELF = YES;
				CLANG_WARN_OBJC_LITERAL_CONVERSION = YES;
				CLANG_WARN_OBJC_ROOT_CLASS = YES_ERROR;
				CLANG_WARN_QUOTED_INCLUDE_IN_FRAMEWORK_HEADER = YES;
				CLANG_WARN_RANGE_LOOP_ANALYSIS = YES;
				CLANG_WARN_STRICT_PROTOTYPES = YES;
				CLANG_WARN_SUSPICIOUS_MOVE = YES;
				CLANG_WARN_UNGUARDED_AVAILABILITY = YES_AGGRESSIVE;
				CLANG_WARN_UNREACHABLE_CODE = YES;
				CLANG_WARN__DUPLICATE_METHOD_MATCH = YES;
				COPY_PHASE_STRIP = NO;
				DEBUG_INFORMATION_FORMAT = dwarf;
				ENABLE_STRICT_OBJC_MSGSEND = YES;
				ENABLE_TESTABILITY = YES;
				GCC_C_LANGUAGE_STANDARD = gnu11;
				GCC_DYNAMIC_NO_PIC = NO;
				GCC_NO_COMMON_BLOCKS = YES;
				GCC_OPTIMIZATION_LEVEL = 0;
				GCC_PREPROCESSOR_DEFINITIONS = (
					"DEBUG=1",
					"$(inherited)",
				);
				GCC_WARN_64_TO_32_BIT_CONVERSION = YES;
				GCC_WARN_ABOUT_RETURN_TYPE = YES_ERROR;
				GCC_WARN_UNDECLARED_SELECTOR = YES;
				GCC_WARN_UNINITIALIZED_AUTOS = YES_AGGRESSIVE;
				GCC_WARN_UNUSED_FUNCTION = YES;
				GCC_WARN_UNUSED_VARIABLE = YES;
				IPHONEOS_DEPLOYMENT_TARGET = 16.4;
				MTL_ENABLE_DEBUG_INFO = INCLUDE_SOURCE;
				MTL_FAST_MATH = YES;
				ONLY_ACTIVE_ARCH = YES;
				SDKROOT = iphoneos;
				SWIFT_ACTIVE_COMPILATION_CONDITIONS = DEBUG;
				SWIFT_OPTIMIZATION_LEVEL = "-Onone";
			};
			name = Debug;
		};
		8C3468232ACF0BB100E0C7B3 /* Release */ = {
			isa = XCBuildConfiguration;
			buildSettings = {
				ALWAYS_SEARCH_USER_PATHS = NO;
				CLANG_ANALYZER_NONNULL = YES;
				CLANG_ANALYZER_NUMBER_OBJECT_CONVERSION = YES_AGGRESSIVE;
				CLANG_CXX_LANGUAGE_STANDARD = "gnu++20";
				CLANG_ENABLE_MODULES = YES;
				CLANG_ENABLE_OBJC_ARC = YES;
				CLANG_ENABLE_OBJC_WEAK = YES;
				CLANG_WARN_BLOCK_CAPTURE_AUTORELEASING = YES;
				CLANG_WARN_BOOL_CONVERSION = YES;
				CLANG_WARN_COMMA = YES;
				CLANG_WARN_CONSTANT_CONVERSION = YES;
				CLANG_WARN_DEPRECATED_OBJC_IMPLEMENTATIONS = YES;
				CLANG_WARN_DIRECT_OBJC_ISA_USAGE = YES_ERROR;
				CLANG_WARN_DOCUMENTATION_COMMENTS = YES;
				CLANG_WARN_EMPTY_BODY = YES;
				CLANG_WARN_ENUM_CONVERSION = YES;
				CLANG_WARN_INFINITE_RECURSION = YES;
				CLANG_WARN_INT_CONVERSION = YES;
				CLANG_WARN_NON_LITERAL_NULL_CONVERSION = YES;
				CLANG_WARN_OBJC_IMPLICIT_RETAIN_SELF = YES;
				CLANG_WARN_OBJC_LITERAL_CONVERSION = YES;
				CLANG_WARN_OBJC_ROOT_CLASS = YES_ERROR;
				CLANG_WARN_QUOTED_INCLUDE_IN_FRAMEWORK_HEADER = YES;
				CLANG_WARN_RANGE_LOOP_ANALYSIS = YES;
				CLANG_WARN_STRICT_PROTOTYPES = YES;
				CLANG_WARN_SUSPICIOUS_MOVE = YES;
				CLANG_WARN_UNGUARDED_AVAILABILITY = YES_AGGRESSIVE;
				CLANG_WARN_UNREACHABLE_CODE = YES;
				CLANG_WARN__DUPLICATE_METHOD_MATCH = YES;
				COPY_PHASE_STRIP = NO;
				DEBUG_INFORMATION_FORMAT = "dwarf-with-dsym";
				ENABLE_NS_ASSERTIONS = NO;
				ENABLE_STRICT_OBJC_MSGSEND = YES;
				GCC_C_LANGUAGE_STANDARD = gnu11;
				GCC_NO_COMMON_BLOCKS = YES;
				GCC_WARN_64_TO_32_BIT_CONVERSION = YES;
				GCC_WARN_ABOUT_RETURN_TYPE = YES_ERROR;
				GCC_WARN_UNDECLARED_SELECTOR = YES;
				GCC_WARN_UNINITIALIZED_AUTOS = YES_AGGRESSIVE;
				GCC_WARN_UNUSED_FUNCTION = YES;
				GCC_WARN_UNUSED_VARIABLE = YES;
				IPHONEOS_DEPLOYMENT_TARGET = 16.4;
				MTL_ENABLE_DEBUG_INFO = NO;
				MTL_FAST_MATH = YES;
				SDKROOT = iphoneos;
				SWIFT_COMPILATION_MODE = wholemodule;
				SWIFT_OPTIMIZATION_LEVEL = "-O";
				VALIDATE_PRODUCT = YES;
			};
			name = Release;
		};
		8C3468252ACF0BB100E0C7B3 /* Debug */ = {
			isa = XCBuildConfiguration;
			buildSettings = {
				ASSETCATALOG_COMPILER_APPICON_NAME = AppIcon;
				ASSETCATALOG_COMPILER_GLOBAL_ACCENT_COLOR_NAME = AccentColor;
				CODE_SIGN_STYLE = Automatic;
				CURRENT_PROJECT_VERSION = 1;
				DEVELOPMENT_ASSET_PATHS = "\"FairShare/Preview Content\"";
				DEVELOPMENT_TEAM = QF88Z6MYMD;
				ENABLE_PREVIEWS = YES;
				GENERATE_INFOPLIST_FILE = YES;
				INFOPLIST_KEY_UIApplicationSceneManifest_Generation = YES;
				INFOPLIST_KEY_UIApplicationSupportsIndirectInputEvents = YES;
				INFOPLIST_KEY_UILaunchScreen_Generation = YES;
				INFOPLIST_KEY_UISupportedInterfaceOrientations_iPad = "UIInterfaceOrientationPortrait UIInterfaceOrientationPortraitUpsideDown UIInterfaceOrientationLandscapeLeft UIInterfaceOrientationLandscapeRight";
				INFOPLIST_KEY_UISupportedInterfaceOrientations_iPhone = "UIInterfaceOrientationPortrait UIInterfaceOrientationLandscapeLeft UIInterfaceOrientationLandscapeRight";
				LD_RUNPATH_SEARCH_PATHS = (
					"$(inherited)",
					"@executable_path/Frameworks",
				);
				MARKETING_VERSION = 1.0;
				PRODUCT_BUNDLE_IDENTIFIER = com.FairShare;
				PRODUCT_NAME = "$(TARGET_NAME)";
				SWIFT_EMIT_LOC_STRINGS = YES;
				SWIFT_VERSION = 5.0;
				TARGETED_DEVICE_FAMILY = "1,2";
			};
			name = Debug;
		};
		8C3468262ACF0BB100E0C7B3 /* Release */ = {
			isa = XCBuildConfiguration;
			buildSettings = {
				ASSETCATALOG_COMPILER_APPICON_NAME = AppIcon;
				ASSETCATALOG_COMPILER_GLOBAL_ACCENT_COLOR_NAME = AccentColor;
				CODE_SIGN_STYLE = Automatic;
				CURRENT_PROJECT_VERSION = 1;
				DEVELOPMENT_ASSET_PATHS = "\"FairShare/Preview Content\"";
				DEVELOPMENT_TEAM = QF88Z6MYMD;
				ENABLE_PREVIEWS = YES;
				GENERATE_INFOPLIST_FILE = YES;
				INFOPLIST_KEY_UIApplicationSceneManifest_Generation = YES;
				INFOPLIST_KEY_UIApplicationSupportsIndirectInputEvents = YES;
				INFOPLIST_KEY_UILaunchScreen_Generation = YES;
				INFOPLIST_KEY_UISupportedInterfaceOrientations_iPad = "UIInterfaceOrientationPortrait UIInterfaceOrientationPortraitUpsideDown UIInterfaceOrientationLandscapeLeft UIInterfaceOrientationLandscapeRight";
				INFOPLIST_KEY_UISupportedInterfaceOrientations_iPhone = "UIInterfaceOrientationPortrait UIInterfaceOrientationLandscapeLeft UIInterfaceOrientationLandscapeRight";
				LD_RUNPATH_SEARCH_PATHS = (
					"$(inherited)",
					"@executable_path/Frameworks",
				);
				MARKETING_VERSION = 1.0;
				PRODUCT_BUNDLE_IDENTIFIER = com.FairShare;
				PRODUCT_NAME = "$(TARGET_NAME)";
				SWIFT_EMIT_LOC_STRINGS = YES;
				SWIFT_VERSION = 5.0;
				TARGETED_DEVICE_FAMILY = "1,2";
			};
			name = Release;
		};
/* End XCBuildConfiguration section */

/* Begin XCConfigurationList section */
		8C3468112ACF0BB000E0C7B3 /* Build configuration list for PBXProject "FairShare" */ = {
			isa = XCConfigurationList;
			buildConfigurations = (
				8C3468222ACF0BB100E0C7B3 /* Debug */,
				8C3468232ACF0BB100E0C7B3 /* Release */,
			);
			defaultConfigurationIsVisible = 0;
			defaultConfigurationName = Release;
		};
		8C3468242ACF0BB100E0C7B3 /* Build configuration list for PBXNativeTarget "FairShare" */ = {
			isa = XCConfigurationList;
			buildConfigurations = (
				8C3468252ACF0BB100E0C7B3 /* Debug */,
				8C3468262ACF0BB100E0C7B3 /* Release */,
			);
			defaultConfigurationIsVisible = 0;
			defaultConfigurationName = Release;
		};
/* End XCConfigurationList section */

/* Begin XCRemoteSwiftPackageReference section */
		8C3468292ACF45F800E0C7B3 /* XCRemoteSwiftPackageReference "firebase-ios-sdk" */ = {
			isa = XCRemoteSwiftPackageReference;
			repositoryURL = "https://github.com/firebase/firebase-ios-sdk";
			requirement = {
				kind = upToNextMajorVersion;
				minimumVersion = 10.0.0;
			};
		};
/* End XCRemoteSwiftPackageReference section */

/* Begin XCSwiftPackageProductDependency section */
		8C34682A2ACF45F800E0C7B3 /* FirebaseAuth */ = {
			isa = XCSwiftPackageProductDependency;
			package = 8C3468292ACF45F800E0C7B3 /* XCRemoteSwiftPackageReference "firebase-ios-sdk" */;
			productName = FirebaseAuth;
		};
		8C34682C2ACF45F800E0C7B3 /* FirebaseFirestoreSwift */ = {
			isa = XCSwiftPackageProductDependency;
			package = 8C3468292ACF45F800E0C7B3 /* XCRemoteSwiftPackageReference "firebase-ios-sdk" */;
			productName = FirebaseFirestoreSwift;
		};
		8C34682E2ACF45F800E0C7B3 /* FirebaseMessaging */ = {
			isa = XCSwiftPackageProductDependency;
			package = 8C3468292ACF45F800E0C7B3 /* XCRemoteSwiftPackageReference "firebase-ios-sdk" */;
			productName = FirebaseMessaging;
		};
		8C3468302ACF45F800E0C7B3 /* FirebaseStorage */ = {
			isa = XCSwiftPackageProductDependency;
			package = 8C3468292ACF45F800E0C7B3 /* XCRemoteSwiftPackageReference "firebase-ios-sdk" */;
			productName = FirebaseStorage;
		};
/* End XCSwiftPackageProductDependency section */
	};
	rootObject = 8C34680E2ACF0BB000E0C7B3 /* Project object */;
}
